
Microsoft Visual Studio Solution File, Format Version 12.00
# Visual Studio 15
VisualStudioVersion = 15.0.28010.2048
MinimumVisualStudioVersion = 10.0.40219.1
Project("{FAE04EC0-301F-11D3-BF4B-00C04F79EFBC}") = "Power Of A Number", "Power Of A Number\Power Of A Number.csproj", "{43BDF31D-F2A7-40DE-963D-95B421D8B6D0}"
EndProject
Global
	GlobalSection(SolutionConfigurationPlatforms) = preSolution
		Debug|Any CPU = Debug|Any CPU
		Release|Any CPU = Release|Any CPU
	EndGlobalSection
	GlobalSection(ProjectConfigurationPlatforms) = postSolution
		{43BDF31D-F2A7-40DE-963D-95B421D8B6D0}.Debug|Any CPU.ActiveCfg = Debug|Any CPU
		{43BDF31D-F2A7-40DE-963D-95B421D8B6D0}.Debug|Any CPU.Build.0 = Debug|Any CPU
		{43BDF31D-F2A7-40DE-963D-95B421D8B6D0}.Release|Any CPU.ActiveCfg = Release|Any CPU
		{43BDF31D-F2A7-40DE-963D-95B421D8B6D0}.Release|Any CPU.Build.0 = Release|Any CPU
	EndGlobalSection
	GlobalSection(SolutionProperties) = preSolution
		HideSolutionNode = FALSE
	EndGlobalSection
	GlobalSection(ExtensibilityGlobals) = postSolution
		SolutionGuid = {BF9C613D-F6F3-4504-ACEB-B8E1341700FF}
	EndGlobalSection
EndGlobal
